
Microsoft Visual Studio Solution File, Format Version 12.00
# Visual Studio Version 16
VisualStudioVersion = 16.0.30523.141
MinimumVisualStudioVersion = 10.0.40219.1
Project("{8BC9CEB8-8B4A-11D0-8D11-00A0C91BC942}") = "Audit3", "Audit3.vcxproj", "{CD14398F-0282-4216-AF91-E085FC009A3A}"
EndProject
Project("{8BC9CEB8-8B4A-11D0-8D11-00A0C91BC942}") = "Audit3_1", "..\Audit3_1\Audit3_1.vcxproj", "{85D632B6-646D-44E3-A515-6A0C4F58071C}"
EndProject
Global
	GlobalSection(SolutionConfigurationPlatforms) = preSolution
		Debug|x64 = Debug|x64
		Debug|x86 = Debug|x86
		Release|x64 = Release|x64
		Release|x86 = Release|x86
	EndGlobalSection
	GlobalSection(ProjectConfigurationPlatforms) = postSolution
		{CD14398F-0282-4216-AF91-E085FC009A3A}.Debug|x64.ActiveCfg = Debug|x64
		{CD14398F-0282-4216-AF91-E085FC009A3A}.Debug|x64.Build.0 = Debug|x64
		{CD14398F-0282-4216-AF91-E085FC009A3A}.Debug|x86.ActiveCfg = Debug|Win32
		{CD14398F-0282-4216-AF91-E085FC009A3A}.Debug|x86.Build.0 = Debug|Win32
		{CD14398F-0282-4216-AF91-E085FC009A3A}.Release|x64.ActiveCfg = Release|x64
		{CD14398F-0282-4216-AF91-E085FC009A3A}.Release|x64.Build.0 = Release|x64
		{CD14398F-0282-4216-AF91-E085FC009A3A}.Release|x86.ActiveCfg = Release|Win32
		{CD14398F-0282-4216-AF91-E085FC009A3A}.Release|x86.Build.0 = Release|Win32
		{85D632B6-646D-44E3-A515-6A0C4F58071C}.Debug|x64.ActiveCfg = Debug|x64
		{85D632B6-646D-44E3-A515-6A0C4F58071C}.Debug|x64.Build.0 = Debug|x64
		{85D632B6-646D-44E3-A515-6A0C4F58071C}.Debug|x86.ActiveCfg = Debug|Win32
		{85D632B6-646D-44E3-A515-6A0C4F58071C}.Debug|x86.Build.0 = Debug|Win32
		{85D632B6-646D-44E3-A515-6A0C4F58071C}.Release|x64.ActiveCfg = Release|x64
		{85D632B6-646D-44E3-A515-6A0C4F58071C}.Release|x64.Build.0 = Release|x64
		{85D632B6-646D-44E3-A515-6A0C4F58071C}.Release|x86.ActiveCfg = Release|Win32
		{85D632B6-646D-44E3-A515-6A0C4F58071C}.Release|x86.Build.0 = Release|Win32
	EndGlobalSection
	GlobalSection(SolutionProperties) = preSolution
		HideSolutionNode = FALSE
	EndGlobalSection
	GlobalSection(ExtensibilityGlobals) = postSolution
		SolutionGuid = {6349339F-065B-49FF-A308-4944D8410D55}
	EndGlobalSection
EndGlobal
